// !$*UTF8*$!
{
	archiveVersion = 1;
	classes = {
	};
	objectVersion = 46;
	objects = {

/* Begin PBXBuildFile section */
		7DDD76EC13D747F800D5919E /* Cocoa.framework in Frameworks */ = {isa = PBXBuildFile; fileRef = 7DDD76EB13D747F800D5919E /* Cocoa.framework */; };
		7DDD76F613D747F800D5919E /* InfoPlist.strings in Resources */ = {isa = PBXBuildFile; fileRef = 7DDD76F413D747F800D5919E /* InfoPlist.strings */; };
		7DDD76FF13D7481300D5919E /* Maximizer.m in Sources */ = {isa = PBXBuildFile; fileRef = 7DDD76FE13D7481300D5919E /* Maximizer.m */; };
/* End PBXBuildFile section */

/* Begin PBXFileReference section */
		7DDD76E813D747F800D5919E /* Maximizer.bundle */ = {isa = PBXFileReference; explicitFileType = wrapper.cfbundle; includeInIndex = 0; path = Maximizer.bundle; sourceTree = BUILT_PRODUCTS_DIR; };
		7DDD76EB13D747F800D5919E /* Cocoa.framework */ = {isa = PBXFileReference; lastKnownFileType = wrapper.framework; name = Cocoa.framework; path = System/Library/Frameworks/Cocoa.framework; sourceTree = SDKROOT; };
		7DDD76EE13D747F800D5919E /* AppKit.framework */ = {isa = PBXFileReference; lastKnownFileType = wrapper.framework; name = AppKit.framework; path = System/Library/Frameworks/AppKit.framework; sourceTree = SDKROOT; };
		7DDD76EF13D747F800D5919E /* CoreData.framework */ = {isa = PBXFileReference; lastKnownFileType = wrapper.framework; name = CoreData.framework; path = System/Library/Frameworks/CoreData.framework; sourceTree = SDKROOT; };
		7DDD76F013D747F800D5919E /* Foundation.framework */ = {isa = PBXFileReference; lastKnownFileType = wrapper.framework; name = Foundation.framework; path = System/Library/Frameworks/Foundation.framework; sourceTree = SDKROOT; };
		7DDD76F313D747F800D5919E /* Maximizer-Info.plist */ = {isa = PBXFileReference; lastKnownFileType = text.plist.xml; path = "Maximizer-Info.plist"; sourceTree = "<group>"; };
		7DDD76F513D747F800D5919E /* en */ = {isa = PBXFileReference; lastKnownFileType = text.plist.strings; name = en; path = en.lproj/InfoPlist.strings; sourceTree = "<group>"; };
		7DDD76F713D747F800D5919E /* Maximizer-Prefix.pch */ = {isa = PBXFileReference; lastKnownFileType = sourcecode.c.h; path = "Maximizer-Prefix.pch"; sourceTree = "<group>"; };
		7DDD76FD13D7481300D5919E /* Maximizer.h */ = {isa = PBXFileReference; fileEncoding = 4; lastKnownFileType = sourcecode.c.h; path = Maximizer.h; sourceTree = "<group>"; };
		7DDD76FE13D7481300D5919E /* Maximizer.m */ = {isa = PBXFileReference; fileEncoding = 4; lastKnownFileType = sourcecode.c.objc; path = Maximizer.m; sourceTree = "<group>"; };
/* End PBXFileReference section */

/* Begin PBXFrameworksBuildPhase section */
		7DDD76E513D747F800D5919E /* Frameworks */ = {
			isa = PBXFrameworksBuildPhase;
			buildActionMask = 2147483647;
			files = (
				7DDD76EC13D747F800D5919E /* Cocoa.framework in Frameworks */,
			);
			runOnlyForDeploymentPostprocessing = 0;
		};
/* End PBXFrameworksBuildPhase section */

/* Begin PBXGroup section */
		7DDD76DD13D747F800D5919E = {
			isa = PBXGroup;
			children = (
				7DDD76F113D747F800D5919E /* Maximizer */,
				7DDD76EA13D747F800D5919E /* Frameworks */,
				7DDD76E913D747F800D5919E /* Products */,
			);
			sourceTree = "<group>";
		};
		7DDD76E913D747F800D5919E /* Products */ = {
			isa = PBXGroup;
			children = (
				7DDD76E813D747F800D5919E /* Maximizer.bundle */,
			);
			name = Products;
			sourceTree = "<group>";
		};
		7DDD76EA13D747F800D5919E /* Frameworks */ = {
			isa = PBXGroup;
			children = (
				7DDD76EB13D747F800D5919E /* Cocoa.framework */,
				7DDD76ED13D747F800D5919E /* Other Frameworks */,
			);
			name = Frameworks;
			sourceTree = "<group>";
		};
		7DDD76ED13D747F800D5919E /* Other Frameworks */ = {
			isa = PBXGroup;
			children = (
				7DDD76EE13D747F800D5919E /* AppKit.framework */,
				7DDD76EF13D747F800D5919E /* CoreData.framework */,
				7DDD76F013D747F800D5919E /* Foundation.framework */,
			);
			name = "Other Frameworks";
			sourceTree = "<group>";
		};
		7DDD76F113D747F800D5919E /* Maximizer */ = {
			isa = PBXGroup;
			children = (
				7DDD76F213D747F800D5919E /* Supporting Files */,
				7DDD76FD13D7481300D5919E /* Maximizer.h */,
				7DDD76FE13D7481300D5919E /* Maximizer.m */,
			);
			path = Maximizer;
			sourceTree = "<group>";
		};
		7DDD76F213D747F800D5919E /* Supporting Files */ = {
			isa = PBXGroup;
			children = (
				7DDD76F313D747F800D5919E /* Maximizer-Info.plist */,
				7DDD76F413D747F800D5919E /* InfoPlist.strings */,
				7DDD76F713D747F800D5919E /* Maximizer-Prefix.pch */,
			);
			name = "Supporting Files";
			sourceTree = "<group>";
		};
/* End PBXGroup section */

/* Begin PBXNativeTarget section */
		7DDD76E713D747F800D5919E /* Maximizer */ = {
			isa = PBXNativeTarget;
			buildConfigurationList = 7DDD76FA13D747F800D5919E /* Build configuration list for PBXNativeTarget "Maximizer" */;
			buildPhases = (
				7DDD76E413D747F800D5919E /* Sources */,
				7DDD76E513D747F800D5919E /* Frameworks */,
				7DDD76E613D747F800D5919E /* Resources */,
			);
			buildRules = (
			);
			dependencies = (
			);
			name = Maximizer;
			productName = Maximizer;
			productReference = 7DDD76E813D747F800D5919E /* Maximizer.bundle */;
			productType = "com.apple.product-type.bundle";
		};
/* End PBXNativeTarget section */

/* Begin PBXProject section */
		7DDD76DF13D747F800D5919E /* Project object */ = {
			isa = PBXProject;
			buildConfigurationList = 7DDD76E213D747F800D5919E /* Build configuration list for PBXProject "Maximizer" */;
			compatibilityVersion = "Xcode 3.2";
			developmentRegion = English;
			hasScannedForEncodings = 0;
			knownRegions = (
				en,
			);
			mainGroup = 7DDD76DD13D747F800D5919E;
			productRefGroup = 7DDD76E913D747F800D5919E /* Products */;
			projectDirPath = "";
			projectRoot = "";
			targets = (
				7DDD76E713D747F800D5919E /* Maximizer */,
			);
		};
/* End PBXProject section */

/* Begin PBXResourcesBuildPhase section */
		7DDD76E613D747F800D5919E /* Resources */ = {
			isa = PBXResourcesBuildPhase;
			buildActionMask = 2147483647;
			files = (
				7DDD76F613D747F800D5919E /* InfoPlist.strings in Resources */,
			);
			runOnlyForDeploymentPostprocessing = 0;
		};
/* End PBXResourcesBuildPhase section */

/* Begin PBXSourcesBuildPhase section */
		7DDD76E413D747F800D5919E /* Sources */ = {
			isa = PBXSourcesBuildPhase;
			buildActionMask = 2147483647;
			files = (
				7DDD76FF13D7481300D5919E /* Maximizer.m in Sources */,
			);
			runOnlyForDeploymentPostprocessing = 0;
		};
/* End PBXSourcesBuildPhase section */

/* Begin PBXVariantGroup section */
		7DDD76F413D747F800D5919E /* InfoPlist.strings */ = {
			isa = PBXVariantGroup;
			children = (
				7DDD76F513D747F800D5919E /* en */,
			);
			name = InfoPlist.strings;
			sourceTree = "<group>";
		};
/* End PBXVariantGroup section */

/* Begin XCBuildConfiguration section */
		7DDD76F813D747F800D5919E /* Debug */ = {
			isa = XCBuildConfiguration;
			buildSettings = {
				ALWAYS_SEARCH_USER_PATHS = NO;
				ARCHS = "$(ARCHS_STANDARD_64_BIT)";
				CLANG_ENABLE_OBJC_ARC = YES;
				COPY_PHASE_STRIP = NO;
				GCC_C_LANGUAGE_STANDARD = gnu99;
				GCC_DYNAMIC_NO_PIC = NO;
				GCC_ENABLE_OBJC_EXCEPTIONS = YES;
				GCC_OPTIMIZATION_LEVEL = 0;
				GCC_PREPROCESSOR_DEFINITIONS = (
					"DEBUG=1",
					"$(inherited)",
				);
				GCC_SYMBOLS_PRIVATE_EXTERN = NO;
				GCC_VERSION = com.apple.compilers.llvm.clang.1_0;
				GCC_WARN_64_TO_32_BIT_CONVERSION = YES;
				GCC_WARN_ABOUT_MISSING_PROTOTYPES = YES;
				GCC_WARN_ABOUT_RETURN_TYPE = YES;
				GCC_WARN_UNUSED_VARIABLE = YES;
				MACOSX_DEPLOYMENT_TARGET = 10.7;
				ONLY_ACTIVE_ARCH = YES;
				SDKROOT = macosx;
			};
			name = Debug;
		};
		7DDD76F913D747F800D5919E /* Release */ = {
			isa = XCBuildConfiguration;
			buildSettings = {
				ALWAYS_SEARCH_USER_PATHS = NO;
				ARCHS = "$(ARCHS_STANDARD_64_BIT)";
				CLANG_ENABLE_OBJC_ARC = YES;
				COPY_PHASE_STRIP = YES;
				DEBUG_INFORMATION_FORMAT = "dwarf-with-dsym";
				GCC_C_LANGUAGE_STANDARD = gnu99;
				GCC_ENABLE_OBJC_EXCEPTIONS = YES;
				GCC_VERSION = com.apple.compilers.llvm.clang.1_0;
				GCC_WARN_64_TO_32_BIT_CONVERSION = YES;
				GCC_WARN_ABOUT_MISSING_PROTOTYPES = YES;
				GCC_WARN_ABOUT_RETURN_TYPE = YES;
				GCC_WARN_UNUSED_VARIABLE = YES;
				MACOSX_DEPLOYMENT_TARGET = 10.7;
				SDKROOT = macosx;
			};
			name = Release;
		};
		7DDD76FB13D747F800D5919E /* Debug */ = {
			isa = XCBuildConfiguration;
			buildSettings = {
				GCC_PRECOMPILE_PREFIX_HEADER = YES;
				GCC_PREFIX_HEADER = "Maximizer/Maximizer-Prefix.pch";
				INFOPLIST_FILE = "Maximizer/Maximizer-Info.plist";
				INSTALL_PATH = "$(LOCAL_LIBRARY_DIR)/Bundles";
				PRODUCT_NAME = "$(TARGET_NAME)";
				WRAPPER_EXTENSION = bundle;
			};
			name = Debug;
		};
		7DDD76FC13D747F800D5919E /* Release */ = {
			isa = XCBuildConfiguration;
			buildSettings = {
				GCC_PRECOMPILE_PREFIX_HEADER = YES;
				GCC_PREFIX_HEADER = "Maximizer/Maximizer-Prefix.pch";
				INFOPLIST_FILE = "Maximizer/Maximizer-Info.plist";
				INSTALL_PATH = "$(LOCAL_LIBRARY_DIR)/Bundles";
				PRODUCT_NAME = "$(TARGET_NAME)";
				WRAPPER_EXTENSION = bundle;
			};
			name = Release;
		};
/* End XCBuildConfiguration section */

/* Begin XCConfigurationList section */
		7DDD76E213D747F800D5919E /* Build configuration list for PBXProject "Maximizer" */ = {
			isa = XCConfigurationList;
			buildConfigurations = (
				7DDD76F813D747F800D5919E /* Debug */,
				7DDD76F913D747F800D5919E /* Release */,
			);
			defaultConfigurationIsVisible = 0;
			defaultConfigurationName = Release;
		};
		7DDD76FA13D747F800D5919E /* Build configuration list for PBXNativeTarget "Maximizer" */ = {
			isa = XCConfigurationList;
			buildConfigurations = (
				7DDD76FB13D747F800D5919E /* Debug */,
				7DDD76FC13D747F800D5919E /* Release */,
			);
			defaultConfigurationIsVisible = 0;
		};
/* End XCConfigurationList section */
	};
	rootObject = 7DDD76DF13D747F800D5919E /* Project object */;
}
